
Microsoft Visual Studio Solution File, Format Version 12.00
# Visual Studio Version 17
VisualStudioVersion = 17.11.35219.272
MinimumVisualStudioVersion = 10.0.40219.1
Project("{FAE04EC0-301F-11D3-BF4B-00C04F79EFBC}") = "BaiTap_NhomHello", "BaiTap_Nhom\BaiTap_NhomHello.csproj", "{9500FE72-3C55-49FE-8CEF-D58E0C568B64}"
EndProject
Project("{2150E333-8FDC-42A3-9474-1A3956D46DE8}") = "Solution Items", "Solution Items", "{E63F4E87-77E5-4DBC-8DE9-9EEF0EA330EB}"
EndProject
Project("{FAE04EC0-301F-11D3-BF4B-00C04F79EFBC}") = "DAL_BaiTapNhom", "DAL_BaiTapNhom\DAL_BaiTapNhom.csproj", "{D1ADC828-9F7C-4A97-AA42-2A58C6A2457E}"
EndProject
Project("{FAE04EC0-301F-11D3-BF4B-00C04F79EFBC}") = "DTO_BaiTapNhom", "DTO_BaiTapNhom\DTO_BaiTapNhom.csproj", "{A372A617-AC04-4FE1-B652-FD2F93FEC74C}"
EndProject
Project("{FAE04EC0-301F-11D3-BF4B-00C04F79EFBC}") = "BLL_BaiTapNhom", "BLL_BaiTapNhom\BLL_BaiTapNhom.csproj", "{A243E6B1-5C73-4BE6-A3FF-0395C49ADE65}"
EndProject
Project("{2150E333-8FDC-42A3-9474-1A3956D46DE8}") = "FileXml", "FileXml", "{96B40619-E9D0-402E-AD5B-F60422FF0D4E}"
	ProjectSection(SolutionItems) = preProject
		DSdetai.xml = DSdetai.xml
	EndProjectSection
EndProject
Global
	GlobalSection(SolutionConfigurationPlatforms) = preSolution
		Debug|Any CPU = Debug|Any CPU
		Release|Any CPU = Release|Any CPU
	EndGlobalSection
	GlobalSection(ProjectConfigurationPlatforms) = postSolution
		{9500FE72-3C55-49FE-8CEF-D58E0C568B64}.Debug|Any CPU.ActiveCfg = Debug|Any CPU
		{9500FE72-3C55-49FE-8CEF-D58E0C568B64}.Debug|Any CPU.Build.0 = Debug|Any CPU
		{9500FE72-3C55-49FE-8CEF-D58E0C568B64}.Release|Any CPU.ActiveCfg = Release|Any CPU
		{9500FE72-3C55-49FE-8CEF-D58E0C568B64}.Release|Any CPU.Build.0 = Release|Any CPU
		{D1ADC828-9F7C-4A97-AA42-2A58C6A2457E}.Debug|Any CPU.ActiveCfg = Debug|Any CPU
		{D1ADC828-9F7C-4A97-AA42-2A58C6A2457E}.Debug|Any CPU.Build.0 = Debug|Any CPU
		{D1ADC828-9F7C-4A97-AA42-2A58C6A2457E}.Release|Any CPU.ActiveCfg = Release|Any CPU
		{D1ADC828-9F7C-4A97-AA42-2A58C6A2457E}.Release|Any CPU.Build.0 = Release|Any CPU
		{A372A617-AC04-4FE1-B652-FD2F93FEC74C}.Debug|Any CPU.ActiveCfg = Debug|Any CPU
		{A372A617-AC04-4FE1-B652-FD2F93FEC74C}.Debug|Any CPU.Build.0 = Debug|Any CPU
		{A372A617-AC04-4FE1-B652-FD2F93FEC74C}.Release|Any CPU.ActiveCfg = Release|Any CPU
		{A372A617-AC04-4FE1-B652-FD2F93FEC74C}.Release|Any CPU.Build.0 = Release|Any CPU
		{A243E6B1-5C73-4BE6-A3FF-0395C49ADE65}.Debug|Any CPU.ActiveCfg = Debug|Any CPU
		{A243E6B1-5C73-4BE6-A3FF-0395C49ADE65}.Debug|Any CPU.Build.0 = Debug|Any CPU
		{A243E6B1-5C73-4BE6-A3FF-0395C49ADE65}.Release|Any CPU.ActiveCfg = Release|Any CPU
		{A243E6B1-5C73-4BE6-A3FF-0395C49ADE65}.Release|Any CPU.Build.0 = Release|Any CPU
	EndGlobalSection
	GlobalSection(SolutionProperties) = preSolution
		HideSolutionNode = FALSE
	EndGlobalSection
	GlobalSection(ExtensibilityGlobals) = postSolution
		SolutionGuid = {CC7EF978-1B56-4457-B627-991ED9866088}
	EndGlobalSection
EndGlobal
